github.com/byteweap/wukong/contrib/logger/zerolog v0.0.0-20251124053526-f9aa6c5e9738 h1:iW/ma5RWuy3rZjVxFDJoRMY1m6NDpu18xb7R49kpldA=
github.com/byteweap/wukong/contrib/logger/zerolog v0.0.0-20251124053526-f9aa6c5e9738/go.mod h1:9cUIfnp+/cF0t8tRkwLQGYrRk8P5GTr/bgXw2F8zKbU=
github.com/byteweap/wukong/contrib/logger/zerolog v0.0.0-20251124060403-d385de084d4b h1:+XtYwFUqkB4DxcvP1ud8w3FkbCGxPHIuohypkU6PB+Q=
github.com/byteweap/wukong/contrib/logger/zerolog v0.0.0-20251124060403-d385de084d4b/go.mod h1:9cUIfnp+/cF0t8tRkwLQGYrRk8P5GTr/bgXw2F8zKbU=
github.com/byteweap/wukong/contrib/network/websocket v0.0.0-20251124060403-d385de084d4b h1:1b9UQ5rZ/3FZj2aJD2O2UvOI9CTunNoxqpR5BWr1XFE=
github.com/byteweap/wukong/contrib/network/websocket v0.0.0-20251124060403-d385de084d4b/go.mod h1:0AXgiGyVabcPGU82AbgHMVujuqGpeTqzgvvmD7YaY6Q=
github.com/gobwas/httphead v0.1.0 h1:exrUm0f4YX0L7EBwZHuCF4GDp8aJfVeBrlLQrs6NqWU=
github.com/gobwas/httphead v0.1.0/go.mod h1:O/RXo79gxV8G+RqlR/otEwx4Q36zl9rqC5u12GKvMCM=
github.com/gobwas/pool v0.2.1 h1:xfeeEhW7pwmX8nuLVlqbzVc7udMDrwetjEv+TZIz1og=
github.com/gobwas/pool v0.2.1/go.mod h1:q8bcK0KcYlCgd9e7WYLm9LpyS+YeLd8JVDW6WezmKEw=
github.com/gobwas/ws v1.4.0 h1:CTaoG1tojrh4ucGPcoJFiAQUAsEWekEWvLy7GsVNqGs=
github.com/gobwas/ws v1.4.0/go.mod h1:G3gNqMNtPppf5XUz7O4shetPpcZ1VJ7zt18dlUeakrc=
golang.org/x/sys v0.6.0/go.mod h1:oPkhp1MJrh7nUepCBck5+mAzfO9JrbApNNgaTdGDITg=
golang.org/x/sys v0.38.0 h1:3yZWxaJjBmCWXqhN1qh02AkOnCQ1poK6oF+a7xWL6Gc=
golang.org/x/sys v0.38.0/go.mod h1:OgkHotnGiDImocRcuBABYBEXf8A9a87e/uXjp9XT3ks=
